{
  "lockfile_version": "1",
  "packages": {
    "clang@latest": {
      "last_modified": "2025-11-23T21:50:36Z",
      "resolved": "github:NixOS/nixpkgs/ee09932cedcef15aaf476f9343d1dea2cb77e261#clang",
      "source": "devbox-search",
      "version": "21.1.2",
      "systems": {
        "aarch64-darwin": {
          "outputs": [
            {
              "name": "out",
              "path": "/nix/store/qk20nysrc2170f1mal5k6r0axqn6jmfj-clang-wrapper-21.1.2",
              "default": true
            }
          ],
          "store_path": "/nix/store/qk20nysrc2170f1mal5k6r0axqn6jmfj-clang-wrapper-21.1.2"
        },
        "aarch64-linux": {
          "outputs": [
            {
              "name": "out",
              "path": "/nix/store/wkcizi40n6zh5yiq0kvhyzw3yxrvlg2z-clang-wrapper-21.1.2",
              "default": true
            }
          ],
          "store_path": "/nix/store/wkcizi40n6zh5yiq0kvhyzw3yxrvlg2z-clang-wrapper-21.1.2"
        },
        "x86_64-darwin": {
          "outputs": [
            {
              "name": "out",
              "path": "/nix/store/fvj17s7clsf2n4rhyq0qqcrqhzybdqrz-clang-wrapper-21.1.2",
              "default": true
            }
          ],
          "store_path": "/nix/store/fvj17s7clsf2n4rhyq0qqcrqhzybdqrz-clang-wrapper-21.1.2"
        },
        "x86_64-linux": {
          "outputs": [
            {
              "name": "out",
              "path": "/nix/store/sqlnjj8c3n3si3sjnadhdbcwgrk97g2w-clang-wrapper-21.1.2",
              "default": true
            }
          ],
          "store_path": "/nix/store/sqlnjj8c3n3si3sjnadhdbcwgrk97g2w-clang-wrapper-21.1.2"
        }
      }
    },
    "cmake@latest": {
      "last_modified": "2025-11-23T21:50:36Z",
      "resolved": "github:NixOS/nixpkgs/ee09932cedcef15aaf476f9343d1dea2cb77e261#cmake",
      "source": "devbox-search",
      "version": "4.1.2",
      "systems": {
        "aarch64-darwin": {
          "outputs": [
            {
              "name": "out",
              "path": "/nix/store/0v5vpvwbl94qv9447jz995i4n9mx4l63-cmake-4.1.2",
              "default": true
            }
          ],
          "store_path": "/nix/store/0v5vpvwbl94qv9447jz995i4n9mx4l63-cmake-4.1.2"
        },
        "aarch64-linux": {
          "outputs": [
            {
              "name": "out",
              "path": "/nix/store/ipjw0mbzcycidbw62gsz47cgivqxm2lv-cmake-4.1.2",
              "default": true
            },
            {
              "name": "debug",
              "path": "/nix/store/4m6l2qb5s7vyirybbn3c5k1rv2dww1vy-cmake-4.1.2-debug"
            }
          ],
          "store_path": "/nix/store/ipjw0mbzcycidbw62gsz47cgivqxm2lv-cmake-4.1.2"
        },
        "x86_64-darwin": {
          "outputs": [
            {
              "name": "out",
              "path": "/nix/store/i7c7r2g0zycvi7wh3rnw1dx3aglbvw2d-cmake-4.1.2",
              "default": true
            }
          ],
          "store_path": "/nix/store/i7c7r2g0zycvi7wh3rnw1dx3aglbvw2d-cmake-4.1.2"
        },
        "x86_64-linux": {
          "outputs": [
            {
              "name": "out",
              "path": "/nix/store/w9jm660dykns6hzrdhxmqfywnc9ail8g-cmake-4.1.2",
              "default": true
            },
            {
              "name": "debug",
              "path": "/nix/store/pnizhra0882ijp3nilvzdzbaa0ayq4hd-cmake-4.1.2-debug"
            }
          ],
          "store_path": "/nix/store/w9jm660dykns6hzrdhxmqfywnc9ail8g-cmake-4.1.2"
        }
      }
    },
    "github:NixOS/nixpkgs/nixpkgs-unstable": {
      "last_modified": "2025-12-05T06:24:47Z",
      "resolved": "github:NixOS/nixpkgs/42e29df35be6ef54091d3a3b4e97056ce0a98ce8?lastModified=1764915887"
    }
  }
}
