{
  "lockfile_version": "1",
  "packages": {
    "clang@latest": {
      "last_modified": "2025-11-23T21:50:36Z",
      "resolved": "github:NixOS/nixpkgs/ee09932cedcef15aaf476f9343d1dea2cb77e261#clang",
      "source": "devbox-search",
      "version": "21.1.2",
      "systems": {
        "aarch64-darwin": {
          "outputs": [
            {
              "name": "out",
              "path": "/nix/store/qk20nysrc2170f1mal5k6r0axqn6jmfj-clang-wrapper-21.1.2",
              "default": true
            }
          ],
          "store_path": "/nix/store/qk20nysrc2170f1mal5k6r0axqn6jmfj-clang-wrapper-21.1.2"
        },
        "aarch64-linux": {
          "outputs": [
            {
              "name": "out",
              "path": "/nix/store/wkcizi40n6zh5yiq0kvhyzw3yxrvlg2z-clang-wrapper-21.1.2",
              "default": true
            }
          ],
          "store_path": "/nix/store/wkcizi40n6zh5yiq0kvhyzw3yxrvlg2z-clang-wrapper-21.1.2"
        },
        "x86_64-darwin": {
          "outputs": [
            {
              "name": "out",
              "path": "/nix/store/fvj17s7clsf2n4rhyq0qqcrqhzybdqrz-clang-wrapper-21.1.2",
              "default": true
            }
          ],
          "store_path": "/nix/store/fvj17s7clsf2n4rhyq0qqcrqhzybdqrz-clang-wrapper-21.1.2"
        },
        "x86_64-linux": {
          "outputs": [
            {
              "name": "out",
              "path": "/nix/store/sqlnjj8c3n3si3sjnadhdbcwgrk97g2w-clang-wrapper-21.1.2",
              "default": true
            }
          ],
          "store_path": "/nix/store/sqlnjj8c3n3si3sjnadhdbcwgrk97g2w-clang-wrapper-21.1.2"
        }
      }
    },
    "entr@latest": {
      "last_modified": "2025-11-23T21:50:36Z",
      "resolved": "github:NixOS/nixpkgs/ee09932cedcef15aaf476f9343d1dea2cb77e261#entr",
      "source": "devbox-search",
      "version": "5.7",
      "systems": {
        "aarch64-darwin": {
          "outputs": [
            {
              "name": "out",
              "path": "/nix/store/v2y4m1b9nr50hy9ycgcpbb780blmwpv7-entr-5.7",
              "default": true
            }
          ],
          "store_path": "/nix/store/v2y4m1b9nr50hy9ycgcpbb780blmwpv7-entr-5.7"
        },
        "aarch64-linux": {
          "outputs": [
            {
              "name": "out",
              "path": "/nix/store/5yc9gysgx7w4qivzhafh6qjy102lsvwz-entr-5.7",
              "default": true
            }
          ],
          "store_path": "/nix/store/5yc9gysgx7w4qivzhafh6qjy102lsvwz-entr-5.7"
        },
        "x86_64-darwin": {
          "outputs": [
            {
              "name": "out",
              "path": "/nix/store/amkkw675f27dlfgkra8ygj4nyxdvzvmn-entr-5.7",
              "default": true
            }
          ],
          "store_path": "/nix/store/amkkw675f27dlfgkra8ygj4nyxdvzvmn-entr-5.7"
        },
        "x86_64-linux": {
          "outputs": [
            {
              "name": "out",
              "path": "/nix/store/q0h5h8yhwxxcbh4cw8xm4wnf4r6grdi3-entr-5.7",
              "default": true
            }
          ],
          "store_path": "/nix/store/q0h5h8yhwxxcbh4cw8xm4wnf4r6grdi3-entr-5.7"
        }
      }
    },
    "github:NixOS/nixpkgs/nixpkgs-unstable": {
      "last_modified": "2025-12-05T06:24:47Z",
      "resolved": "github:NixOS/nixpkgs/42e29df35be6ef54091d3a3b4e97056ce0a98ce8?lastModified=1764915887"
    },
    "meson@latest": {
      "last_modified": "2025-11-23T21:50:36Z",
      "resolved": "github:NixOS/nixpkgs/ee09932cedcef15aaf476f9343d1dea2cb77e261#meson",
      "source": "devbox-search",
      "version": "1.9.1",
      "systems": {
        "aarch64-darwin": {
          "outputs": [
            {
              "name": "out",
              "path": "/nix/store/3fmfcckwb9wdh89bz7ikx1c6d5dplk8y-meson-1.9.1",
              "default": true
            },
            {
              "name": "dist",
              "path": "/nix/store/vsj1rxq8srnhn0p7f26fi8ivhhl14x3l-meson-1.9.1-dist"
            }
          ],
          "store_path": "/nix/store/3fmfcckwb9wdh89bz7ikx1c6d5dplk8y-meson-1.9.1"
        },
        "aarch64-linux": {
          "outputs": [
            {
              "name": "out",
              "path": "/nix/store/9dwvigw7j55skibj9z6cwvjp2bhgvi7s-meson-1.9.1",
              "default": true
            },
            {
              "name": "dist",
              "path": "/nix/store/5773678alv45gdx8qgzjqpd7y6j14pj6-meson-1.9.1-dist"
            }
          ],
          "store_path": "/nix/store/9dwvigw7j55skibj9z6cwvjp2bhgvi7s-meson-1.9.1"
        },
        "x86_64-darwin": {
          "outputs": [
            {
              "name": "out",
              "path": "/nix/store/4qid7ph4r208dxjcr2mbi0yd9gac4qp7-meson-1.9.1",
              "default": true
            },
            {
              "name": "dist",
              "path": "/nix/store/xmpbpz8rh3ysc5yzss6xzhihpbrf9fy0-meson-1.9.1-dist"
            }
          ],
          "store_path": "/nix/store/4qid7ph4r208dxjcr2mbi0yd9gac4qp7-meson-1.9.1"
        },
        "x86_64-linux": {
          "outputs": [
            {
              "name": "out",
              "path": "/nix/store/f8gicbns4hymkc8k82h6c1cnz4pjs7ip-meson-1.9.1",
              "default": true
            },
            {
              "name": "dist",
              "path": "/nix/store/q09nqipikfmp4pjaxhw9sh8755xxs1yj-meson-1.9.1-dist"
            }
          ],
          "store_path": "/nix/store/f8gicbns4hymkc8k82h6c1cnz4pjs7ip-meson-1.9.1"
        }
      }
    },
    "ninja@latest": {
      "last_modified": "2025-11-23T21:50:36Z",
      "resolved": "github:NixOS/nixpkgs/ee09932cedcef15aaf476f9343d1dea2cb77e261#ninja",
      "source": "devbox-search",
      "version": "1.13.1",
      "systems": {
        "aarch64-darwin": {
          "outputs": [
            {
              "name": "out",
              "path": "/nix/store/6y79vrqachzns4pgl8r0j04b7g33hl52-ninja-1.13.1",
              "default": true
            }
          ],
          "store_path": "/nix/store/6y79vrqachzns4pgl8r0j04b7g33hl52-ninja-1.13.1"
        },
        "aarch64-linux": {
          "outputs": [
            {
              "name": "out",
              "path": "/nix/store/jpwn5zii6bzpvf9dm4dw7cdvwychpxwz-ninja-1.13.1",
              "default": true
            }
          ],
          "store_path": "/nix/store/jpwn5zii6bzpvf9dm4dw7cdvwychpxwz-ninja-1.13.1"
        },
        "x86_64-darwin": {
          "outputs": [
            {
              "name": "out",
              "path": "/nix/store/82kdfnd09s2npwlsnqzak29nf592czr6-ninja-1.13.1",
              "default": true
            }
          ],
          "store_path": "/nix/store/82kdfnd09s2npwlsnqzak29nf592czr6-ninja-1.13.1"
        },
        "x86_64-linux": {
          "outputs": [
            {
              "name": "out",
              "path": "/nix/store/nib1r4k4cqph7zjjnbfc1d6cbg11qr76-ninja-1.13.1",
              "default": true
            }
          ],
          "store_path": "/nix/store/nib1r4k4cqph7zjjnbfc1d6cbg11qr76-ninja-1.13.1"
        }
      }
    }
  }
}
